
Microsoft Visual Studio Solution File, Format Version 12.00
# Visual Studio Version 17
VisualStudioVersion = 17.4.33103.184
MinimumVisualStudioVersion = 10.0.40219.1
Project("{FAE04EC0-301F-11D3-BF4B-00C04F79EFBC}") = "Question1435", "Question1435\Question1435.csproj", "{5CF258D3-93F7-496D-8B57-72B38807CD1B}"
EndProject
Global
	GlobalSection(SolutionConfigurationPlatforms) = preSolution
		Debug|Any CPU = Debug|Any CPU
		Release|Any CPU = Release|Any CPU
	EndGlobalSection
	GlobalSection(ProjectConfigurationPlatforms) = postSolution
		{5CF258D3-93F7-496D-8B57-72B38807CD1B}.Debug|Any CPU.ActiveCfg = Debug|Any CPU
		{5CF258D3-93F7-496D-8B57-72B38807CD1B}.Debug|Any CPU.Build.0 = Debug|Any CPU
		{5CF258D3-93F7-496D-8B57-72B38807CD1B}.Release|Any CPU.ActiveCfg = Release|Any CPU
		{5CF258D3-93F7-496D-8B57-72B38807CD1B}.Release|Any CPU.Build.0 = Release|Any CPU
	EndGlobalSection
	GlobalSection(SolutionProperties) = preSolution
		HideSolutionNode = FALSE
	EndGlobalSection
	GlobalSection(ExtensibilityGlobals) = postSolution
		SolutionGuid = {22304C63-1190-4899-A252-182889269865}
	EndGlobalSection
EndGlobal
