
Microsoft Visual Studio Solution File, Format Version 12.00
# Visual Studio Version 17
VisualStudioVersion = 17.4.33103.184
MinimumVisualStudioVersion = 10.0.40219.1
Project("{FAE04EC0-301F-11D3-BF4B-00C04F79EFBC}") = "Question1045", "Question1045\Question1045.csproj", "{0D41FCD4-06F7-46A6-A5EC-744F4664DC3C}"
EndProject
Global
	GlobalSection(SolutionConfigurationPlatforms) = preSolution
		Debug|Any CPU = Debug|Any CPU
		Release|Any CPU = Release|Any CPU
	EndGlobalSection
	GlobalSection(ProjectConfigurationPlatforms) = postSolution
		{0D41FCD4-06F7-46A6-A5EC-744F4664DC3C}.Debug|Any CPU.ActiveCfg = Debug|Any CPU
		{0D41FCD4-06F7-46A6-A5EC-744F4664DC3C}.Debug|Any CPU.Build.0 = Debug|Any CPU
		{0D41FCD4-06F7-46A6-A5EC-744F4664DC3C}.Release|Any CPU.ActiveCfg = Release|Any CPU
		{0D41FCD4-06F7-46A6-A5EC-744F4664DC3C}.Release|Any CPU.Build.0 = Release|Any CPU
	EndGlobalSection
	GlobalSection(SolutionProperties) = preSolution
		HideSolutionNode = FALSE
	EndGlobalSection
	GlobalSection(ExtensibilityGlobals) = postSolution
		SolutionGuid = {E4A85F66-B012-439B-8454-1B5D3BB12C45}
	EndGlobalSection
EndGlobal
