
Microsoft Visual Studio Solution File, Format Version 12.00
# Visual Studio Version 17
VisualStudioVersion = 17.4.33103.184
MinimumVisualStudioVersion = 10.0.40219.1
Project("{FAE04EC0-301F-11D3-BF4B-00C04F79EFBC}") = "Question1011_sharpCoders", "Question1011_sharpCoders\Question1011_sharpCoders.csproj", "{14D549A1-7F7A-4524-8347-AEDB6EB36CF4}"
EndProject
Global
	GlobalSection(SolutionConfigurationPlatforms) = preSolution
		Debug|Any CPU = Debug|Any CPU
		Release|Any CPU = Release|Any CPU
	EndGlobalSection
	GlobalSection(ProjectConfigurationPlatforms) = postSolution
		{14D549A1-7F7A-4524-8347-AEDB6EB36CF4}.Debug|Any CPU.ActiveCfg = Debug|Any CPU
		{14D549A1-7F7A-4524-8347-AEDB6EB36CF4}.Debug|Any CPU.Build.0 = Debug|Any CPU
		{14D549A1-7F7A-4524-8347-AEDB6EB36CF4}.Release|Any CPU.ActiveCfg = Release|Any CPU
		{14D549A1-7F7A-4524-8347-AEDB6EB36CF4}.Release|Any CPU.Build.0 = Release|Any CPU
	EndGlobalSection
	GlobalSection(SolutionProperties) = preSolution
		HideSolutionNode = FALSE
	EndGlobalSection
	GlobalSection(ExtensibilityGlobals) = postSolution
		SolutionGuid = {BFD733EF-841C-4842-8EE7-6100E7421D9D}
	EndGlobalSection
EndGlobal
