
Microsoft Visual Studio Solution File, Format Version 12.00
# Visual Studio Version 17
VisualStudioVersion = 17.4.33103.184
MinimumVisualStudioVersion = 10.0.40219.1
Project("{FAE04EC0-301F-11D3-BF4B-00C04F79EFBC}") = "Question1185", "Question1185\Question1185.csproj", "{7988E768-7E46-443A-8711-86192F903841}"
EndProject
Global
	GlobalSection(SolutionConfigurationPlatforms) = preSolution
		Debug|Any CPU = Debug|Any CPU
		Release|Any CPU = Release|Any CPU
	EndGlobalSection
	GlobalSection(ProjectConfigurationPlatforms) = postSolution
		{7988E768-7E46-443A-8711-86192F903841}.Debug|Any CPU.ActiveCfg = Debug|Any CPU
		{7988E768-7E46-443A-8711-86192F903841}.Debug|Any CPU.Build.0 = Debug|Any CPU
		{7988E768-7E46-443A-8711-86192F903841}.Release|Any CPU.ActiveCfg = Release|Any CPU
		{7988E768-7E46-443A-8711-86192F903841}.Release|Any CPU.Build.0 = Release|Any CPU
	EndGlobalSection
	GlobalSection(SolutionProperties) = preSolution
		HideSolutionNode = FALSE
	EndGlobalSection
	GlobalSection(ExtensibilityGlobals) = postSolution
		SolutionGuid = {E3550B08-8879-475A-B09D-2B8B0C4B9E44}
	EndGlobalSection
EndGlobal
