
Microsoft Visual Studio Solution File, Format Version 12.00
# Visual Studio Version 17
VisualStudioVersion = 17.4.33103.184
MinimumVisualStudioVersion = 10.0.40219.1
Project("{FAE04EC0-301F-11D3-BF4B-00C04F79EFBC}") = "Question1002", "Question1002\Question1002.csproj", "{40EFFD50-6F38-4608-B9D2-E4F4755AA60D}"
EndProject
Global
	GlobalSection(SolutionConfigurationPlatforms) = preSolution
		Debug|Any CPU = Debug|Any CPU
		Release|Any CPU = Release|Any CPU
	EndGlobalSection
	GlobalSection(ProjectConfigurationPlatforms) = postSolution
		{40EFFD50-6F38-4608-B9D2-E4F4755AA60D}.Debug|Any CPU.ActiveCfg = Debug|Any CPU
		{40EFFD50-6F38-4608-B9D2-E4F4755AA60D}.Debug|Any CPU.Build.0 = Debug|Any CPU
		{40EFFD50-6F38-4608-B9D2-E4F4755AA60D}.Release|Any CPU.ActiveCfg = Release|Any CPU
		{40EFFD50-6F38-4608-B9D2-E4F4755AA60D}.Release|Any CPU.Build.0 = Release|Any CPU
	EndGlobalSection
	GlobalSection(SolutionProperties) = preSolution
		HideSolutionNode = FALSE
	EndGlobalSection
	GlobalSection(ExtensibilityGlobals) = postSolution
		SolutionGuid = {AA735B49-7905-41B0-B5FA-DA633963E884}
	EndGlobalSection
EndGlobal
