
Microsoft Visual Studio Solution File, Format Version 12.00
# Visual Studio Version 17
VisualStudioVersion = 17.4.33103.184
MinimumVisualStudioVersion = 10.0.40219.1
Project("{FAE04EC0-301F-11D3-BF4B-00C04F79EFBC}") = "Question1182", "Question1182\Question1182.csproj", "{80438737-658B-4469-B146-ADFC39F6CBC9}"
EndProject
Global
	GlobalSection(SolutionConfigurationPlatforms) = preSolution
		Debug|Any CPU = Debug|Any CPU
		Release|Any CPU = Release|Any CPU
	EndGlobalSection
	GlobalSection(ProjectConfigurationPlatforms) = postSolution
		{80438737-658B-4469-B146-ADFC39F6CBC9}.Debug|Any CPU.ActiveCfg = Debug|Any CPU
		{80438737-658B-4469-B146-ADFC39F6CBC9}.Debug|Any CPU.Build.0 = Debug|Any CPU
		{80438737-658B-4469-B146-ADFC39F6CBC9}.Release|Any CPU.ActiveCfg = Release|Any CPU
		{80438737-658B-4469-B146-ADFC39F6CBC9}.Release|Any CPU.Build.0 = Release|Any CPU
	EndGlobalSection
	GlobalSection(SolutionProperties) = preSolution
		HideSolutionNode = FALSE
	EndGlobalSection
	GlobalSection(ExtensibilityGlobals) = postSolution
		SolutionGuid = {5C9D10F3-AAC2-4F12-9654-893CA62DCB04}
	EndGlobalSection
EndGlobal
