
Microsoft Visual Studio Solution File, Format Version 12.00
# Visual Studio Version 17
VisualStudioVersion = 17.4.33103.184
MinimumVisualStudioVersion = 10.0.40219.1
Project("{FAE04EC0-301F-11D3-BF4B-00C04F79EFBC}") = "Question1014", "Question1014\Question1014.csproj", "{83D44E20-06A4-45DA-9EF3-A4E52119F8B6}"
EndProject
Global
	GlobalSection(SolutionConfigurationPlatforms) = preSolution
		Debug|Any CPU = Debug|Any CPU
		Release|Any CPU = Release|Any CPU
	EndGlobalSection
	GlobalSection(ProjectConfigurationPlatforms) = postSolution
		{83D44E20-06A4-45DA-9EF3-A4E52119F8B6}.Debug|Any CPU.ActiveCfg = Debug|Any CPU
		{83D44E20-06A4-45DA-9EF3-A4E52119F8B6}.Debug|Any CPU.Build.0 = Debug|Any CPU
		{83D44E20-06A4-45DA-9EF3-A4E52119F8B6}.Release|Any CPU.ActiveCfg = Release|Any CPU
		{83D44E20-06A4-45DA-9EF3-A4E52119F8B6}.Release|Any CPU.Build.0 = Release|Any CPU
	EndGlobalSection
	GlobalSection(SolutionProperties) = preSolution
		HideSolutionNode = FALSE
	EndGlobalSection
	GlobalSection(ExtensibilityGlobals) = postSolution
		SolutionGuid = {0BEA77DC-B3A1-4FC9-8C33-E26C56BD7729}
	EndGlobalSection
EndGlobal
