
Microsoft Visual Studio Solution File, Format Version 12.00
# Visual Studio Version 17
VisualStudioVersion = 17.4.33103.184
MinimumVisualStudioVersion = 10.0.40219.1
Project("{FAE04EC0-301F-11D3-BF4B-00C04F79EFBC}") = "HelloWorld", "HelloWorld\HelloWorld.csproj", "{3D2483EB-EED2-4087-BBE3-51EE93F542BF}"
EndProject
Global
	GlobalSection(SolutionConfigurationPlatforms) = preSolution
		Debug|Any CPU = Debug|Any CPU
		Release|Any CPU = Release|Any CPU
	EndGlobalSection
	GlobalSection(ProjectConfigurationPlatforms) = postSolution
		{3D2483EB-EED2-4087-BBE3-51EE93F542BF}.Debug|Any CPU.ActiveCfg = Debug|Any CPU
		{3D2483EB-EED2-4087-BBE3-51EE93F542BF}.Debug|Any CPU.Build.0 = Debug|Any CPU
		{3D2483EB-EED2-4087-BBE3-51EE93F542BF}.Release|Any CPU.ActiveCfg = Release|Any CPU
		{3D2483EB-EED2-4087-BBE3-51EE93F542BF}.Release|Any CPU.Build.0 = Release|Any CPU
	EndGlobalSection
	GlobalSection(SolutionProperties) = preSolution
		HideSolutionNode = FALSE
	EndGlobalSection
	GlobalSection(ExtensibilityGlobals) = postSolution
		SolutionGuid = {2D709C9C-ED0B-42E9-B99E-43F2B15AC462}
	EndGlobalSection
EndGlobal
