
Microsoft Visual Studio Solution File, Format Version 12.00
# Visual Studio Version 17
VisualStudioVersion = 17.4.33103.184
MinimumVisualStudioVersion = 10.0.40219.1
Project("{FAE04EC0-301F-11D3-BF4B-00C04F79EFBC}") = "Question1060", "Question1060\Question1060.csproj", "{22C19F8F-69AA-496C-BAAE-4002AFCFB595}"
EndProject
Global
	GlobalSection(SolutionConfigurationPlatforms) = preSolution
		Debug|Any CPU = Debug|Any CPU
		Release|Any CPU = Release|Any CPU
	EndGlobalSection
	GlobalSection(ProjectConfigurationPlatforms) = postSolution
		{22C19F8F-69AA-496C-BAAE-4002AFCFB595}.Debug|Any CPU.ActiveCfg = Debug|Any CPU
		{22C19F8F-69AA-496C-BAAE-4002AFCFB595}.Debug|Any CPU.Build.0 = Debug|Any CPU
		{22C19F8F-69AA-496C-BAAE-4002AFCFB595}.Release|Any CPU.ActiveCfg = Release|Any CPU
		{22C19F8F-69AA-496C-BAAE-4002AFCFB595}.Release|Any CPU.Build.0 = Release|Any CPU
	EndGlobalSection
	GlobalSection(SolutionProperties) = preSolution
		HideSolutionNode = FALSE
	EndGlobalSection
	GlobalSection(ExtensibilityGlobals) = postSolution
		SolutionGuid = {6E8BAA5D-AA38-4CD5-87A8-F05F383CD0ED}
	EndGlobalSection
EndGlobal
