
Microsoft Visual Studio Solution File, Format Version 12.00
# Visual Studio Version 17
VisualStudioVersion = 17.4.33103.184
MinimumVisualStudioVersion = 10.0.40219.1
Project("{FAE04EC0-301F-11D3-BF4B-00C04F79EFBC}") = "Question1183", "Question1183\Question1183.csproj", "{C77CD14D-F783-4A28-90C7-0B48758C0653}"
EndProject
Global
	GlobalSection(SolutionConfigurationPlatforms) = preSolution
		Debug|Any CPU = Debug|Any CPU
		Release|Any CPU = Release|Any CPU
	EndGlobalSection
	GlobalSection(ProjectConfigurationPlatforms) = postSolution
		{C77CD14D-F783-4A28-90C7-0B48758C0653}.Debug|Any CPU.ActiveCfg = Debug|Any CPU
		{C77CD14D-F783-4A28-90C7-0B48758C0653}.Debug|Any CPU.Build.0 = Debug|Any CPU
		{C77CD14D-F783-4A28-90C7-0B48758C0653}.Release|Any CPU.ActiveCfg = Release|Any CPU
		{C77CD14D-F783-4A28-90C7-0B48758C0653}.Release|Any CPU.Build.0 = Release|Any CPU
	EndGlobalSection
	GlobalSection(SolutionProperties) = preSolution
		HideSolutionNode = FALSE
	EndGlobalSection
	GlobalSection(ExtensibilityGlobals) = postSolution
		SolutionGuid = {CFD3A241-F365-4904-B071-709CA48284E4}
	EndGlobalSection
EndGlobal
