
Microsoft Visual Studio Solution File, Format Version 12.00
# Visual Studio Version 17
VisualStudioVersion = 17.4.33103.184
MinimumVisualStudioVersion = 10.0.40219.1
Project("{FAE04EC0-301F-11D3-BF4B-00C04F79EFBC}") = "Question1175", "Question1175\Question1175.csproj", "{7F760E00-7F47-476E-8F28-7E71684F8A98}"
EndProject
Global
	GlobalSection(SolutionConfigurationPlatforms) = preSolution
		Debug|Any CPU = Debug|Any CPU
		Release|Any CPU = Release|Any CPU
	EndGlobalSection
	GlobalSection(ProjectConfigurationPlatforms) = postSolution
		{7F760E00-7F47-476E-8F28-7E71684F8A98}.Debug|Any CPU.ActiveCfg = Debug|Any CPU
		{7F760E00-7F47-476E-8F28-7E71684F8A98}.Debug|Any CPU.Build.0 = Debug|Any CPU
		{7F760E00-7F47-476E-8F28-7E71684F8A98}.Release|Any CPU.ActiveCfg = Release|Any CPU
		{7F760E00-7F47-476E-8F28-7E71684F8A98}.Release|Any CPU.Build.0 = Release|Any CPU
	EndGlobalSection
	GlobalSection(SolutionProperties) = preSolution
		HideSolutionNode = FALSE
	EndGlobalSection
	GlobalSection(ExtensibilityGlobals) = postSolution
		SolutionGuid = {B917AB59-30B3-42D2-A59B-8795BB5F2F2F}
	EndGlobalSection
EndGlobal
