
Microsoft Visual Studio Solution File, Format Version 12.00
# Visual Studio Version 17
VisualStudioVersion = 17.4.33103.184
MinimumVisualStudioVersion = 10.0.40219.1
Project("{FAE04EC0-301F-11D3-BF4B-00C04F79EFBC}") = "Question1172", "Question1172\Question1172.csproj", "{1F1FB963-3074-4AF3-AF48-9125AB8D3483}"
EndProject
Global
	GlobalSection(SolutionConfigurationPlatforms) = preSolution
		Debug|Any CPU = Debug|Any CPU
		Release|Any CPU = Release|Any CPU
	EndGlobalSection
	GlobalSection(ProjectConfigurationPlatforms) = postSolution
		{1F1FB963-3074-4AF3-AF48-9125AB8D3483}.Debug|Any CPU.ActiveCfg = Debug|Any CPU
		{1F1FB963-3074-4AF3-AF48-9125AB8D3483}.Debug|Any CPU.Build.0 = Debug|Any CPU
		{1F1FB963-3074-4AF3-AF48-9125AB8D3483}.Release|Any CPU.ActiveCfg = Release|Any CPU
		{1F1FB963-3074-4AF3-AF48-9125AB8D3483}.Release|Any CPU.Build.0 = Release|Any CPU
	EndGlobalSection
	GlobalSection(SolutionProperties) = preSolution
		HideSolutionNode = FALSE
	EndGlobalSection
	GlobalSection(ExtensibilityGlobals) = postSolution
		SolutionGuid = {D6C314F2-40BA-458F-ADA9-E5DF3913CE58}
	EndGlobalSection
EndGlobal
