
Microsoft Visual Studio Solution File, Format Version 12.00
# Visual Studio Version 17
VisualStudioVersion = 17.4.33103.184
MinimumVisualStudioVersion = 10.0.40219.1
Project("{FAE04EC0-301F-11D3-BF4B-00C04F79EFBC}") = "Question1036", "Question1036\Question1036.csproj", "{0DA98037-C52B-4B63-8A57-4E729FF741FA}"
EndProject
Global
	GlobalSection(SolutionConfigurationPlatforms) = preSolution
		Debug|Any CPU = Debug|Any CPU
		Release|Any CPU = Release|Any CPU
	EndGlobalSection
	GlobalSection(ProjectConfigurationPlatforms) = postSolution
		{0DA98037-C52B-4B63-8A57-4E729FF741FA}.Debug|Any CPU.ActiveCfg = Debug|Any CPU
		{0DA98037-C52B-4B63-8A57-4E729FF741FA}.Debug|Any CPU.Build.0 = Debug|Any CPU
		{0DA98037-C52B-4B63-8A57-4E729FF741FA}.Release|Any CPU.ActiveCfg = Release|Any CPU
		{0DA98037-C52B-4B63-8A57-4E729FF741FA}.Release|Any CPU.Build.0 = Release|Any CPU
	EndGlobalSection
	GlobalSection(SolutionProperties) = preSolution
		HideSolutionNode = FALSE
	EndGlobalSection
	GlobalSection(ExtensibilityGlobals) = postSolution
		SolutionGuid = {83F35161-C38F-4F44-A908-603C2120CA2B}
	EndGlobalSection
EndGlobal
