
Microsoft Visual Studio Solution File, Format Version 12.00
# Visual Studio Version 17
VisualStudioVersion = 17.4.33103.184
MinimumVisualStudioVersion = 10.0.40219.1
Project("{FAE04EC0-301F-11D3-BF4B-00C04F79EFBC}") = "Question1118", "Question1118\Question1118.csproj", "{1C70A3D9-C55F-4FC1-927A-89649771A45C}"
EndProject
Global
	GlobalSection(SolutionConfigurationPlatforms) = preSolution
		Debug|Any CPU = Debug|Any CPU
		Release|Any CPU = Release|Any CPU
	EndGlobalSection
	GlobalSection(ProjectConfigurationPlatforms) = postSolution
		{1C70A3D9-C55F-4FC1-927A-89649771A45C}.Debug|Any CPU.ActiveCfg = Debug|Any CPU
		{1C70A3D9-C55F-4FC1-927A-89649771A45C}.Debug|Any CPU.Build.0 = Debug|Any CPU
		{1C70A3D9-C55F-4FC1-927A-89649771A45C}.Release|Any CPU.ActiveCfg = Release|Any CPU
		{1C70A3D9-C55F-4FC1-927A-89649771A45C}.Release|Any CPU.Build.0 = Release|Any CPU
	EndGlobalSection
	GlobalSection(SolutionProperties) = preSolution
		HideSolutionNode = FALSE
	EndGlobalSection
	GlobalSection(ExtensibilityGlobals) = postSolution
		SolutionGuid = {72A7FAF0-EA23-41C0-9AEF-7244F6951E8A}
	EndGlobalSection
EndGlobal
