
Microsoft Visual Studio Solution File, Format Version 12.00
# Visual Studio Version 17
VisualStudioVersion = 17.4.33103.184
MinimumVisualStudioVersion = 10.0.40219.1
Project("{FAE04EC0-301F-11D3-BF4B-00C04F79EFBC}") = "Question1071", "Question1071\Question1071.csproj", "{80B8DD08-F3D8-4337-A616-ACBB2CE6B23D}"
EndProject
Global
	GlobalSection(SolutionConfigurationPlatforms) = preSolution
		Debug|Any CPU = Debug|Any CPU
		Release|Any CPU = Release|Any CPU
	EndGlobalSection
	GlobalSection(ProjectConfigurationPlatforms) = postSolution
		{80B8DD08-F3D8-4337-A616-ACBB2CE6B23D}.Debug|Any CPU.ActiveCfg = Debug|Any CPU
		{80B8DD08-F3D8-4337-A616-ACBB2CE6B23D}.Debug|Any CPU.Build.0 = Debug|Any CPU
		{80B8DD08-F3D8-4337-A616-ACBB2CE6B23D}.Release|Any CPU.ActiveCfg = Release|Any CPU
		{80B8DD08-F3D8-4337-A616-ACBB2CE6B23D}.Release|Any CPU.Build.0 = Release|Any CPU
	EndGlobalSection
	GlobalSection(SolutionProperties) = preSolution
		HideSolutionNode = FALSE
	EndGlobalSection
	GlobalSection(ExtensibilityGlobals) = postSolution
		SolutionGuid = {EDEF418E-4EFC-4832-8CEC-31B584CFF93E}
	EndGlobalSection
EndGlobal
