
Microsoft Visual Studio Solution File, Format Version 12.00
# Visual Studio Version 17
VisualStudioVersion = 17.4.33103.184
MinimumVisualStudioVersion = 10.0.40219.1
Project("{FAE04EC0-301F-11D3-BF4B-00C04F79EFBC}") = "jogoDaVelha", "jogoDaVelha\jogoDaVelha.csproj", "{683B5DD9-0771-4524-BEAB-5B3A9B319EDA}"
EndProject
Global
	GlobalSection(SolutionConfigurationPlatforms) = preSolution
		Debug|Any CPU = Debug|Any CPU
		Release|Any CPU = Release|Any CPU
	EndGlobalSection
	GlobalSection(ProjectConfigurationPlatforms) = postSolution
		{683B5DD9-0771-4524-BEAB-5B3A9B319EDA}.Debug|Any CPU.ActiveCfg = Debug|Any CPU
		{683B5DD9-0771-4524-BEAB-5B3A9B319EDA}.Debug|Any CPU.Build.0 = Debug|Any CPU
		{683B5DD9-0771-4524-BEAB-5B3A9B319EDA}.Release|Any CPU.ActiveCfg = Release|Any CPU
		{683B5DD9-0771-4524-BEAB-5B3A9B319EDA}.Release|Any CPU.Build.0 = Release|Any CPU
	EndGlobalSection
	GlobalSection(SolutionProperties) = preSolution
		HideSolutionNode = FALSE
	EndGlobalSection
	GlobalSection(ExtensibilityGlobals) = postSolution
		SolutionGuid = {AE67BD0E-8735-42BD-B188-DE596E492858}
	EndGlobalSection
EndGlobal
