
Microsoft Visual Studio Solution File, Format Version 12.00
# Visual Studio Version 17
VisualStudioVersion = 17.4.33103.184
MinimumVisualStudioVersion = 10.0.40219.1
Project("{FAE04EC0-301F-11D3-BF4B-00C04F79EFBC}") = "Question1188", "Question1188\Question1188.csproj", "{D6E0A5FB-9ACF-4962-A94E-1C9CA2E28F41}"
EndProject
Global
	GlobalSection(SolutionConfigurationPlatforms) = preSolution
		Debug|Any CPU = Debug|Any CPU
		Release|Any CPU = Release|Any CPU
	EndGlobalSection
	GlobalSection(ProjectConfigurationPlatforms) = postSolution
		{D6E0A5FB-9ACF-4962-A94E-1C9CA2E28F41}.Debug|Any CPU.ActiveCfg = Debug|Any CPU
		{D6E0A5FB-9ACF-4962-A94E-1C9CA2E28F41}.Debug|Any CPU.Build.0 = Debug|Any CPU
		{D6E0A5FB-9ACF-4962-A94E-1C9CA2E28F41}.Release|Any CPU.ActiveCfg = Release|Any CPU
		{D6E0A5FB-9ACF-4962-A94E-1C9CA2E28F41}.Release|Any CPU.Build.0 = Release|Any CPU
	EndGlobalSection
	GlobalSection(SolutionProperties) = preSolution
		HideSolutionNode = FALSE
	EndGlobalSection
	GlobalSection(ExtensibilityGlobals) = postSolution
		SolutionGuid = {CE456752-BC04-4B47-A52A-1284263F9464}
	EndGlobalSection
EndGlobal
