
Microsoft Visual Studio Solution File, Format Version 12.00
# Visual Studio Version 17
VisualStudioVersion = 17.4.33103.184
MinimumVisualStudioVersion = 10.0.40219.1
Project("{FAE04EC0-301F-11D3-BF4B-00C04F79EFBC}") = "Question1078", "Question1078\Question1078.csproj", "{5F748276-7E94-4B0D-B712-E2685806E749}"
EndProject
Global
	GlobalSection(SolutionConfigurationPlatforms) = preSolution
		Debug|Any CPU = Debug|Any CPU
		Release|Any CPU = Release|Any CPU
	EndGlobalSection
	GlobalSection(ProjectConfigurationPlatforms) = postSolution
		{5F748276-7E94-4B0D-B712-E2685806E749}.Debug|Any CPU.ActiveCfg = Debug|Any CPU
		{5F748276-7E94-4B0D-B712-E2685806E749}.Debug|Any CPU.Build.0 = Debug|Any CPU
		{5F748276-7E94-4B0D-B712-E2685806E749}.Release|Any CPU.ActiveCfg = Release|Any CPU
		{5F748276-7E94-4B0D-B712-E2685806E749}.Release|Any CPU.Build.0 = Release|Any CPU
	EndGlobalSection
	GlobalSection(SolutionProperties) = preSolution
		HideSolutionNode = FALSE
	EndGlobalSection
	GlobalSection(ExtensibilityGlobals) = postSolution
		SolutionGuid = {1A84ABFB-0C5C-46BE-8E2B-5A3DE9425E37}
	EndGlobalSection
EndGlobal
