
Microsoft Visual Studio Solution File, Format Version 12.00
# Visual Studio Version 17
VisualStudioVersion = 17.4.33103.184
MinimumVisualStudioVersion = 10.0.40219.1
Project("{FAE04EC0-301F-11D3-BF4B-00C04F79EFBC}") = "Question1003", "Question1003\Question1003.csproj", "{3433ABE6-B58D-4DB7-BADE-E857C281ECFA}"
EndProject
Global
	GlobalSection(SolutionConfigurationPlatforms) = preSolution
		Debug|Any CPU = Debug|Any CPU
		Release|Any CPU = Release|Any CPU
	EndGlobalSection
	GlobalSection(ProjectConfigurationPlatforms) = postSolution
		{3433ABE6-B58D-4DB7-BADE-E857C281ECFA}.Debug|Any CPU.ActiveCfg = Debug|Any CPU
		{3433ABE6-B58D-4DB7-BADE-E857C281ECFA}.Debug|Any CPU.Build.0 = Debug|Any CPU
		{3433ABE6-B58D-4DB7-BADE-E857C281ECFA}.Release|Any CPU.ActiveCfg = Release|Any CPU
		{3433ABE6-B58D-4DB7-BADE-E857C281ECFA}.Release|Any CPU.Build.0 = Release|Any CPU
	EndGlobalSection
	GlobalSection(SolutionProperties) = preSolution
		HideSolutionNode = FALSE
	EndGlobalSection
	GlobalSection(ExtensibilityGlobals) = postSolution
		SolutionGuid = {01BDDD1D-782A-46D2-A55D-682303BB1BA9}
	EndGlobalSection
EndGlobal
