
Microsoft Visual Studio Solution File, Format Version 12.00
# Visual Studio Version 17
VisualStudioVersion = 17.4.33103.184
MinimumVisualStudioVersion = 10.0.40219.1
Project("{FAE04EC0-301F-11D3-BF4B-00C04F79EFBC}") = "Question1038", "Question1038\Question1038.csproj", "{1554D867-8847-4C89-8101-0544296E1C1D}"
EndProject
Global
	GlobalSection(SolutionConfigurationPlatforms) = preSolution
		Debug|Any CPU = Debug|Any CPU
		Release|Any CPU = Release|Any CPU
	EndGlobalSection
	GlobalSection(ProjectConfigurationPlatforms) = postSolution
		{1554D867-8847-4C89-8101-0544296E1C1D}.Debug|Any CPU.ActiveCfg = Debug|Any CPU
		{1554D867-8847-4C89-8101-0544296E1C1D}.Debug|Any CPU.Build.0 = Debug|Any CPU
		{1554D867-8847-4C89-8101-0544296E1C1D}.Release|Any CPU.ActiveCfg = Release|Any CPU
		{1554D867-8847-4C89-8101-0544296E1C1D}.Release|Any CPU.Build.0 = Release|Any CPU
	EndGlobalSection
	GlobalSection(SolutionProperties) = preSolution
		HideSolutionNode = FALSE
	EndGlobalSection
	GlobalSection(ExtensibilityGlobals) = postSolution
		SolutionGuid = {7B360764-FE3C-4686-9BE2-0EB78F528AB2}
	EndGlobalSection
EndGlobal
