
Microsoft Visual Studio Solution File, Format Version 12.00
# Visual Studio Version 17
VisualStudioVersion = 17.4.33103.184
MinimumVisualStudioVersion = 10.0.40219.1
Project("{FAE04EC0-301F-11D3-BF4B-00C04F79EFBC}") = "Question1042", "Question1042\Question1042.csproj", "{93122E43-D869-4183-9DBF-3F7C6E13F58A}"
EndProject
Global
	GlobalSection(SolutionConfigurationPlatforms) = preSolution
		Debug|Any CPU = Debug|Any CPU
		Release|Any CPU = Release|Any CPU
	EndGlobalSection
	GlobalSection(ProjectConfigurationPlatforms) = postSolution
		{93122E43-D869-4183-9DBF-3F7C6E13F58A}.Debug|Any CPU.ActiveCfg = Debug|Any CPU
		{93122E43-D869-4183-9DBF-3F7C6E13F58A}.Debug|Any CPU.Build.0 = Debug|Any CPU
		{93122E43-D869-4183-9DBF-3F7C6E13F58A}.Release|Any CPU.ActiveCfg = Release|Any CPU
		{93122E43-D869-4183-9DBF-3F7C6E13F58A}.Release|Any CPU.Build.0 = Release|Any CPU
	EndGlobalSection
	GlobalSection(SolutionProperties) = preSolution
		HideSolutionNode = FALSE
	EndGlobalSection
	GlobalSection(ExtensibilityGlobals) = postSolution
		SolutionGuid = {5D65E468-A73B-4670-ABB0-04728C8D26E0}
	EndGlobalSection
EndGlobal
