
Microsoft Visual Studio Solution File, Format Version 12.00
# Visual Studio Version 17
VisualStudioVersion = 17.4.33103.184
MinimumVisualStudioVersion = 10.0.40219.1
Project("{FAE04EC0-301F-11D3-BF4B-00C04F79EFBC}") = "Question1156", "Question1156\Question1156.csproj", "{737BCD44-9F45-44CF-9FA7-89C7D428EAF6}"
EndProject
Global
	GlobalSection(SolutionConfigurationPlatforms) = preSolution
		Debug|Any CPU = Debug|Any CPU
		Release|Any CPU = Release|Any CPU
	EndGlobalSection
	GlobalSection(ProjectConfigurationPlatforms) = postSolution
		{737BCD44-9F45-44CF-9FA7-89C7D428EAF6}.Debug|Any CPU.ActiveCfg = Debug|Any CPU
		{737BCD44-9F45-44CF-9FA7-89C7D428EAF6}.Debug|Any CPU.Build.0 = Debug|Any CPU
		{737BCD44-9F45-44CF-9FA7-89C7D428EAF6}.Release|Any CPU.ActiveCfg = Release|Any CPU
		{737BCD44-9F45-44CF-9FA7-89C7D428EAF6}.Release|Any CPU.Build.0 = Release|Any CPU
	EndGlobalSection
	GlobalSection(SolutionProperties) = preSolution
		HideSolutionNode = FALSE
	EndGlobalSection
	GlobalSection(ExtensibilityGlobals) = postSolution
		SolutionGuid = {DC7014D9-AF5F-4181-9A77-1103BCC43C8F}
	EndGlobalSection
EndGlobal
