
Microsoft Visual Studio Solution File, Format Version 12.00
# Visual Studio Version 17
VisualStudioVersion = 17.4.33103.184
MinimumVisualStudioVersion = 10.0.40219.1
Project("{FAE04EC0-301F-11D3-BF4B-00C04F79EFBC}") = "Question1018", "Question1018\Question1018.csproj", "{909D5D0F-078F-43D1-A958-1F7BA02F44A7}"
EndProject
Global
	GlobalSection(SolutionConfigurationPlatforms) = preSolution
		Debug|Any CPU = Debug|Any CPU
		Release|Any CPU = Release|Any CPU
	EndGlobalSection
	GlobalSection(ProjectConfigurationPlatforms) = postSolution
		{909D5D0F-078F-43D1-A958-1F7BA02F44A7}.Debug|Any CPU.ActiveCfg = Debug|Any CPU
		{909D5D0F-078F-43D1-A958-1F7BA02F44A7}.Debug|Any CPU.Build.0 = Debug|Any CPU
		{909D5D0F-078F-43D1-A958-1F7BA02F44A7}.Release|Any CPU.ActiveCfg = Release|Any CPU
		{909D5D0F-078F-43D1-A958-1F7BA02F44A7}.Release|Any CPU.Build.0 = Release|Any CPU
	EndGlobalSection
	GlobalSection(SolutionProperties) = preSolution
		HideSolutionNode = FALSE
	EndGlobalSection
	GlobalSection(ExtensibilityGlobals) = postSolution
		SolutionGuid = {694A97DF-3058-41F0-B450-A9EA2AF9590C}
	EndGlobalSection
EndGlobal
