
Microsoft Visual Studio Solution File, Format Version 12.00
# Visual Studio Version 17
VisualStudioVersion = 17.4.33103.184
MinimumVisualStudioVersion = 10.0.40219.1
Project("{FAE04EC0-301F-11D3-BF4B-00C04F79EFBC}") = "Question1046", "Question1046\Question1046.csproj", "{8C3806DE-2233-47FF-B300-85BFCEAB13E3}"
EndProject
Global
	GlobalSection(SolutionConfigurationPlatforms) = preSolution
		Debug|Any CPU = Debug|Any CPU
		Release|Any CPU = Release|Any CPU
	EndGlobalSection
	GlobalSection(ProjectConfigurationPlatforms) = postSolution
		{8C3806DE-2233-47FF-B300-85BFCEAB13E3}.Debug|Any CPU.ActiveCfg = Debug|Any CPU
		{8C3806DE-2233-47FF-B300-85BFCEAB13E3}.Debug|Any CPU.Build.0 = Debug|Any CPU
		{8C3806DE-2233-47FF-B300-85BFCEAB13E3}.Release|Any CPU.ActiveCfg = Release|Any CPU
		{8C3806DE-2233-47FF-B300-85BFCEAB13E3}.Release|Any CPU.Build.0 = Release|Any CPU
	EndGlobalSection
	GlobalSection(SolutionProperties) = preSolution
		HideSolutionNode = FALSE
	EndGlobalSection
	GlobalSection(ExtensibilityGlobals) = postSolution
		SolutionGuid = {F7FA6ACC-0161-4A6B-9278-71A0AE06DD1D}
	EndGlobalSection
EndGlobal
