
Microsoft Visual Studio Solution File, Format Version 12.00
# Visual Studio Version 17
VisualStudioVersion = 17.4.33103.184
MinimumVisualStudioVersion = 10.0.40219.1
Project("{FAE04EC0-301F-11D3-BF4B-00C04F79EFBC}") = "Question1478", "Question1478\Question1478.csproj", "{5AEEA2EF-B9D0-4AA6-B614-92777BB92622}"
EndProject
Global
	GlobalSection(SolutionConfigurationPlatforms) = preSolution
		Debug|Any CPU = Debug|Any CPU
		Release|Any CPU = Release|Any CPU
	EndGlobalSection
	GlobalSection(ProjectConfigurationPlatforms) = postSolution
		{5AEEA2EF-B9D0-4AA6-B614-92777BB92622}.Debug|Any CPU.ActiveCfg = Debug|Any CPU
		{5AEEA2EF-B9D0-4AA6-B614-92777BB92622}.Debug|Any CPU.Build.0 = Debug|Any CPU
		{5AEEA2EF-B9D0-4AA6-B614-92777BB92622}.Release|Any CPU.ActiveCfg = Release|Any CPU
		{5AEEA2EF-B9D0-4AA6-B614-92777BB92622}.Release|Any CPU.Build.0 = Release|Any CPU
	EndGlobalSection
	GlobalSection(SolutionProperties) = preSolution
		HideSolutionNode = FALSE
	EndGlobalSection
	GlobalSection(ExtensibilityGlobals) = postSolution
		SolutionGuid = {D99B147A-AE26-4911-A73C-8ECCEBC1BF99}
	EndGlobalSection
EndGlobal
