
Microsoft Visual Studio Solution File, Format Version 12.00
# Visual Studio Version 17
VisualStudioVersion = 17.4.33103.184
MinimumVisualStudioVersion = 10.0.40219.1
Project("{FAE04EC0-301F-11D3-BF4B-00C04F79EFBC}") = "Question1155", "Question1155\Question1155.csproj", "{160E82AA-9010-4B30-B458-D5E56E7E0955}"
EndProject
Global
	GlobalSection(SolutionConfigurationPlatforms) = preSolution
		Debug|Any CPU = Debug|Any CPU
		Release|Any CPU = Release|Any CPU
	EndGlobalSection
	GlobalSection(ProjectConfigurationPlatforms) = postSolution
		{160E82AA-9010-4B30-B458-D5E56E7E0955}.Debug|Any CPU.ActiveCfg = Debug|Any CPU
		{160E82AA-9010-4B30-B458-D5E56E7E0955}.Debug|Any CPU.Build.0 = Debug|Any CPU
		{160E82AA-9010-4B30-B458-D5E56E7E0955}.Release|Any CPU.ActiveCfg = Release|Any CPU
		{160E82AA-9010-4B30-B458-D5E56E7E0955}.Release|Any CPU.Build.0 = Release|Any CPU
	EndGlobalSection
	GlobalSection(SolutionProperties) = preSolution
		HideSolutionNode = FALSE
	EndGlobalSection
	GlobalSection(ExtensibilityGlobals) = postSolution
		SolutionGuid = {24D9B450-FE26-4142-BEC8-F363D0866805}
	EndGlobalSection
EndGlobal
