
Microsoft Visual Studio Solution File, Format Version 12.00
# Visual Studio Version 17
VisualStudioVersion = 17.4.33103.184
MinimumVisualStudioVersion = 10.0.40219.1
Project("{FAE04EC0-301F-11D3-BF4B-00C04F79EFBC}") = "Question1035", "Question1035\Question1035.csproj", "{B9CE2639-EDA4-479B-A624-97B461D3F7DC}"
EndProject
Global
	GlobalSection(SolutionConfigurationPlatforms) = preSolution
		Debug|Any CPU = Debug|Any CPU
		Release|Any CPU = Release|Any CPU
	EndGlobalSection
	GlobalSection(ProjectConfigurationPlatforms) = postSolution
		{B9CE2639-EDA4-479B-A624-97B461D3F7DC}.Debug|Any CPU.ActiveCfg = Debug|Any CPU
		{B9CE2639-EDA4-479B-A624-97B461D3F7DC}.Debug|Any CPU.Build.0 = Debug|Any CPU
		{B9CE2639-EDA4-479B-A624-97B461D3F7DC}.Release|Any CPU.ActiveCfg = Release|Any CPU
		{B9CE2639-EDA4-479B-A624-97B461D3F7DC}.Release|Any CPU.Build.0 = Release|Any CPU
	EndGlobalSection
	GlobalSection(SolutionProperties) = preSolution
		HideSolutionNode = FALSE
	EndGlobalSection
	GlobalSection(ExtensibilityGlobals) = postSolution
		SolutionGuid = {66B2A4A6-78F4-40F8-972D-1D050DB3DCBF}
	EndGlobalSection
EndGlobal
