
Microsoft Visual Studio Solution File, Format Version 12.00
# Visual Studio Version 17
VisualStudioVersion = 17.4.33103.184
MinimumVisualStudioVersion = 10.0.40219.1
Project("{FAE04EC0-301F-11D3-BF4B-00C04F79EFBC}") = "Question1012", "Question1012\Question1012.csproj", "{9AB50AB4-8CBB-4EB1-913E-91B806244543}"
EndProject
Global
	GlobalSection(SolutionConfigurationPlatforms) = preSolution
		Debug|Any CPU = Debug|Any CPU
		Release|Any CPU = Release|Any CPU
	EndGlobalSection
	GlobalSection(ProjectConfigurationPlatforms) = postSolution
		{9AB50AB4-8CBB-4EB1-913E-91B806244543}.Debug|Any CPU.ActiveCfg = Debug|Any CPU
		{9AB50AB4-8CBB-4EB1-913E-91B806244543}.Debug|Any CPU.Build.0 = Debug|Any CPU
		{9AB50AB4-8CBB-4EB1-913E-91B806244543}.Release|Any CPU.ActiveCfg = Release|Any CPU
		{9AB50AB4-8CBB-4EB1-913E-91B806244543}.Release|Any CPU.Build.0 = Release|Any CPU
	EndGlobalSection
	GlobalSection(SolutionProperties) = preSolution
		HideSolutionNode = FALSE
	EndGlobalSection
	GlobalSection(ExtensibilityGlobals) = postSolution
		SolutionGuid = {47A57DFA-3E2E-4F56-A048-E037C3C15C20}
	EndGlobalSection
EndGlobal
