
Microsoft Visual Studio Solution File, Format Version 12.00
# Visual Studio Version 17
VisualStudioVersion = 17.4.33103.184
MinimumVisualStudioVersion = 10.0.40219.1
Project("{FAE04EC0-301F-11D3-BF4B-00C04F79EFBC}") = "Question1011", "Question1011\Question1011.csproj", "{FD85EDA8-9611-4769-B325-A0DFF75EA692}"
EndProject
Global
	GlobalSection(SolutionConfigurationPlatforms) = preSolution
		Debug|Any CPU = Debug|Any CPU
		Release|Any CPU = Release|Any CPU
	EndGlobalSection
	GlobalSection(ProjectConfigurationPlatforms) = postSolution
		{FD85EDA8-9611-4769-B325-A0DFF75EA692}.Debug|Any CPU.ActiveCfg = Debug|Any CPU
		{FD85EDA8-9611-4769-B325-A0DFF75EA692}.Debug|Any CPU.Build.0 = Debug|Any CPU
		{FD85EDA8-9611-4769-B325-A0DFF75EA692}.Release|Any CPU.ActiveCfg = Release|Any CPU
		{FD85EDA8-9611-4769-B325-A0DFF75EA692}.Release|Any CPU.Build.0 = Release|Any CPU
	EndGlobalSection
	GlobalSection(SolutionProperties) = preSolution
		HideSolutionNode = FALSE
	EndGlobalSection
	GlobalSection(ExtensibilityGlobals) = postSolution
		SolutionGuid = {2F7853FC-E3C0-4F38-8AC7-2A5763C94502}
	EndGlobalSection
EndGlobal
