
Microsoft Visual Studio Solution File, Format Version 12.00
# Visual Studio Version 17
VisualStudioVersion = 17.4.33103.184
MinimumVisualStudioVersion = 10.0.40219.1
Project("{FAE04EC0-301F-11D3-BF4B-00C04F79EFBC}") = "Question1099", "Question1099\Question1099.csproj", "{9EEDDDE5-802A-4636-970D-F01D82E7620C}"
EndProject
Global
	GlobalSection(SolutionConfigurationPlatforms) = preSolution
		Debug|Any CPU = Debug|Any CPU
		Release|Any CPU = Release|Any CPU
	EndGlobalSection
	GlobalSection(ProjectConfigurationPlatforms) = postSolution
		{9EEDDDE5-802A-4636-970D-F01D82E7620C}.Debug|Any CPU.ActiveCfg = Debug|Any CPU
		{9EEDDDE5-802A-4636-970D-F01D82E7620C}.Debug|Any CPU.Build.0 = Debug|Any CPU
		{9EEDDDE5-802A-4636-970D-F01D82E7620C}.Release|Any CPU.ActiveCfg = Release|Any CPU
		{9EEDDDE5-802A-4636-970D-F01D82E7620C}.Release|Any CPU.Build.0 = Release|Any CPU
	EndGlobalSection
	GlobalSection(SolutionProperties) = preSolution
		HideSolutionNode = FALSE
	EndGlobalSection
	GlobalSection(ExtensibilityGlobals) = postSolution
		SolutionGuid = {51BE2CA5-CFF7-45CF-A2D9-42311317EC2E}
	EndGlobalSection
EndGlobal
